{
  "originHash" : "3edab50bc8f212d842cfd6ef45c3b3fc9fdf44fbcf3cc95df0727f1e21748407",
  "pins" : [
    {
      "identity" : "kadr",
      "kind" : "remoteSourceControl",
      "location" : "https://github.com/SteliyanH/kadr.git",
      "state" : {
        "revision" : "c0480cdc12f1f0f2f31838297dee51fa1f0a3507",
        "version" : "0.11.0"
      }
    }
  ],
  "version" : 3
}
