{
  "originHash" : "a86ad6e380da3adb4ac8f5e17e96d95f2911521ef3bd4af399580b8b20c6d719",
  "pins" : [
    {
      "identity" : "kadr",
      "kind" : "remoteSourceControl",
      "location" : "https://github.com/SteliyanH/kadr.git",
      "state" : {
        "revision" : "ccfeebb99a0eba38a36b101ba52a1234e2a48ebb",
        "version" : "0.7.0"
      }
    }
  ],
  "version" : 3
}
