{
  "originHash" : "526c7b4e0c7d951cff4f776019d05677d2d802565d935fa90b1b07ecba49ba4d",
  "pins" : [
    {
      "identity" : "kadr",
      "kind" : "remoteSourceControl",
      "location" : "https://github.com/SteliyanH/kadr.git",
      "state" : {
        "revision" : "dc73e4c8e83ab372e81677667050d19423d8b8bb",
        "version" : "0.8.4"
      }
    }
  ],
  "version" : 3
}
